
Microsoft Visual Studio Solution File, Format Version 12.00
# Visual Studio 15
VisualStudioVersion = 15.0.28010.2048
MinimumVisualStudioVersion = 10.0.40219.1
Project("{9A19103F-16F7-4668-BE54-9A1E7A4F7556}") = "JWTwebApi", "JWTwebApi\JWTwebApi.csproj", "{06A7E3FE-6724-45C7-BF59-3D12CBD78900}"
EndProject
Project("{FAE04EC0-301F-11D3-BF4B-00C04F79EFBC}") = "CoreFrontEnd", "CoreFrontEnd\CoreFrontEnd.csproj", "{0A934D68-AA74-41DF-B665-D071DB0031C3}"
EndProject
Global
	GlobalSection(SolutionConfigurationPlatforms) = preSolution
		Debug|Any CPU = Debug|Any CPU
		Release|Any CPU = Release|Any CPU
	EndGlobalSection
	GlobalSection(ProjectConfigurationPlatforms) = postSolution
		{06A7E3FE-6724-45C7-BF59-3D12CBD78900}.Debug|Any CPU.ActiveCfg = Debug|Any CPU
		{06A7E3FE-6724-45C7-BF59-3D12CBD78900}.Debug|Any CPU.Build.0 = Debug|Any CPU
		{06A7E3FE-6724-45C7-BF59-3D12CBD78900}.Release|Any CPU.ActiveCfg = Release|Any CPU
		{06A7E3FE-6724-45C7-BF59-3D12CBD78900}.Release|Any CPU.Build.0 = Release|Any CPU
		{0A934D68-AA74-41DF-B665-D071DB0031C3}.Debug|Any CPU.ActiveCfg = Debug|Any CPU
		{0A934D68-AA74-41DF-B665-D071DB0031C3}.Debug|Any CPU.Build.0 = Debug|Any CPU
		{0A934D68-AA74-41DF-B665-D071DB0031C3}.Release|Any CPU.ActiveCfg = Release|Any CPU
		{0A934D68-AA74-41DF-B665-D071DB0031C3}.Release|Any CPU.Build.0 = Release|Any CPU
	EndGlobalSection
	GlobalSection(SolutionProperties) = preSolution
		HideSolutionNode = FALSE
	EndGlobalSection
	GlobalSection(ExtensibilityGlobals) = postSolution
		SolutionGuid = {76D54CEF-2365-4D54-8827-C715879A95E6}
	EndGlobalSection
EndGlobal
